<Solution>
  <Project Path="BWHazel.TopsyTurvy.Ast/BWHazel.TopsyTurvy.Ast.csproj" />
  <Project Path="BWHazel.TopsyTurvy.Analysis/BWHazel.TopsyTurvy.Analysis.csproj" />
  <Project Path="BWHazel.TopsyTurvy.Bindings/BWHazel.TopsyTurvy.Bindings.csproj" />
  <Project Path="BWHazel.TopsyTurvy.Cli/BWHazel.TopsyTurvy.Cli.csproj" />
  <Project Path="BWHazel.TopsyTurvy.Cli.E2ETests/BWHazel.TopsyTurvy.Cli.E2ETests.csproj" />
  <Project Path="BWHazel.TopsyTurvy.Debugger/BWHazel.TopsyTurvy.Debugger.csproj" />
  <Project Path="BWHazel.TopsyTurvy.DebuggerHost/BWHazel.TopsyTurvy.DebuggerHost.csproj" />
  <Project Path="BWHazel.TopsyTurvy.Embedded/BWHazel.TopsyTurvy.Embedded.csproj" />
  <Project Path="BWHazel.TopsyTurvy.LanguageServer/BWHazel.TopsyTurvy.LanguageServer.csproj" />
  <Project Path="BWHazel.TopsyTurvy.Parser/BWHazel.TopsyTurvy.Parser.csproj" />
  <Project Path="BWHazel.TopsyTurvy.Runtime/BWHazel.TopsyTurvy.Runtime.csproj" />
  <Project Path="BWHazel.TopsyTurvy.Sdk.Interop/BWHazel.TopsyTurvy.Sdk.Interop.csproj" />
  <Project Path="BWHazel.TopsyTurvy.StandardLibrary/BWHazel.TopsyTurvy.StandardLibrary.csproj" />
  <Project Path="BWHazel.TopsyTurvy.Tests/BWHazel.TopsyTurvy.Tests.csproj" />
  <Project Path="BWHazel.TopsyTurvy.Tests.ExternalLibraryFixture/BWHazel.TopsyTurvy.Tests.ExternalLibraryFixture.csproj" />
  <Project Path="BWHazel.TopsyTurvy.TypeChecker/BWHazel.TopsyTurvy.TypeChecker.csproj" />
  <Project Path="BWHazel.TopsyTurvy.WebEditor/BWHazel.TopsyTurvy.WebEditor.csproj" />
  <Project Path="BWHazel.TopsyTurvy.WebEditor.E2ETests/BWHazel.TopsyTurvy.WebEditor.E2ETests.csproj" />
  <Project Path="BWHazel.TopsyTurvy.WebEditor.Tests/BWHazel.TopsyTurvy.WebEditor.Tests.csproj" />
  <Project Path="BWHazel.TopsyTurvy.UtopIR.Analysis/BWHazel.TopsyTurvy.UtopIR.Analysis.csproj" />
  <Project Path="BWHazel.TopsyTurvy.UtopIR.Ast/BWHazel.TopsyTurvy.UtopIR.Ast.csproj" />
  <Project Path="BWHazel.TopsyTurvy.UtopIR.Transformer/BWHazel.TopsyTurvy.UtopIR.Transformer.csproj" />
  <Project Path="BWHazel.TopsyTurvy.UtopIR.Emitters.Cil/BWHazel.TopsyTurvy.UtopIR.Emitters.Cil.csproj" />
  <Project Path="BWHazel.TopsyTurvy.UtopIR.Tests/BWHazel.TopsyTurvy.UtopIR.Tests.csproj" />
  <Project Path="BWHazel.TopsyTurvy.UtopIR.E2ETests/BWHazel.TopsyTurvy.UtopIR.E2ETests.csproj" />
</Solution>
