<Solution>
  <Project Path="BWHazel.TopsyTurvy.Ast/BWHazel.TopsyTurvy.Ast.csproj" />
  <Project Path="BWHazel.TopsyTurvy.Analysis/BWHazel.TopsyTurvy.Analysis.csproj" />
  <Project Path="BWHazel.TopsyTurvy.Cli/BWHazel.TopsyTurvy.Cli.csproj" />
  <Project Path="BWHazel.TopsyTurvy.Cli.E2ETests/BWHazel.TopsyTurvy.Cli.E2ETests.csproj" />
  <Project Path="BWHazel.TopsyTurvy.LanguageServer/BWHazel.TopsyTurvy.LanguageServer.csproj" />
  <Project Path="BWHazel.TopsyTurvy.Parser/BWHazel.TopsyTurvy.Parser.csproj" />
  <Project Path="BWHazel.TopsyTurvy.Runtime/BWHazel.TopsyTurvy.Runtime.csproj" />
  <Project Path="BWHazel.TopsyTurvy.Tests/BWHazel.TopsyTurvy.Tests.csproj" />
  <Project Path="BWHazel.TopsyTurvy.TypeChecker/BWHazel.TopsyTurvy.TypeChecker.csproj" />
  <Project Path="BWHazel.TopsyTurvy.WebEditor/BWHazel.TopsyTurvy.WebEditor.csproj" />
  <Project Path="BWHazel.TopsyTurvy.WebEditor.E2ETests/BWHazel.TopsyTurvy.WebEditor.E2ETests.csproj" />
  <Project Path="BWHazel.TopsyTurvy.UtopIR.Analysis/BWHazel.TopsyTurvy.UtopIR.Analysis.csproj" />
  <Project Path="BWHazel.TopsyTurvy.UtopIR.Ast/BWHazel.TopsyTurvy.UtopIR.Ast.csproj" />
  <Project Path="BWHazel.TopsyTurvy.UtopIR.Tests/BWHazel.TopsyTurvy.UtopIR.Tests.csproj" />
</Solution>
