<Solution>
  <Project Path="BWHazel.TopsyTurvy.Ast/BWHazel.TopsyTurvy.Ast.csproj" />
  <Project Path="BWHazel.TopsyTurvy.Analysis/BWHazel.TopsyTurvy.Analysis.csproj" />
  <Project Path="BWHazel.TopsyTurvy.Cli/BWHazel.TopsyTurvy.Cli.csproj" />
  <Project Path="BWHazel.TopsyTurvy.LanguageServer/BWHazel.TopsyTurvy.LanguageServer.csproj" />
  <Project Path="BWHazel.TopsyTurvy.Parser/BWHazel.TopsyTurvy.Parser.csproj" />
  <Project Path="BWHazel.TopsyTurvy.Runtime/BWHazel.TopsyTurvy.Runtime.csproj" />
  <Project Path="BWHazel.TopsyTurvy.Tests/BWHazel.TopsyTurvy.Tests.csproj" />
  <Project Path="BWHazel.TopsyTurvy.WebEditor/BWHazel.TopsyTurvy.WebEditor.csproj" />
</Solution>
